
Microsoft Visual Studio Solution File, Format Version 12.00
# Visual Studio Version 16
VisualStudioVersion = 16.0.29319.158
MinimumVisualStudioVersion = 10.0.40219.1
Project("{FAE04EC0-301F-11D3-BF4B-00C04F79EFBC}") = "Pages", "Pages.csproj", "{0E7E6669-E638-401E-B766-20D849DC830D}"
EndProject
Global
	GlobalSection(SolutionConfigurationPlatforms) = preSolution
		Debug|Any CPU = Debug|Any CPU
		Release|Any CPU = Release|Any CPU
	EndGlobalSection
	GlobalSection(ProjectConfigurationPlatforms) = postSolution
		{0E7E6669-E638-401E-B766-20D849DC830D}.Debug|Any CPU.ActiveCfg = Debug|Any CPU
		{0E7E6669-E638-401E-B766-20D849DC830D}.Debug|Any CPU.Build.0 = Debug|Any CPU
		{0E7E6669-E638-401E-B766-20D849DC830D}.Release|Any CPU.ActiveCfg = Release|Any CPU
		{0E7E6669-E638-401E-B766-20D849DC830D}.Release|Any CPU.Build.0 = Release|Any CPU
	EndGlobalSection
	GlobalSection(SolutionProperties) = preSolution
		HideSolutionNode = FALSE
	EndGlobalSection
	GlobalSection(ExtensibilityGlobals) = postSolution
		SolutionGuid = {72563CC5-3BD2-4373-ABD1-701A6950D4A1}
	EndGlobalSection
EndGlobal
